
Microsoft Visual Studio Solution File, Format Version 12.00
# Visual Studio Version 16
VisualStudioVersion = 16.0.31424.327
MinimumVisualStudioVersion = 10.0.40219.1
Project("{9A19103F-16F7-4668-BE54-9A1E7A4F7556}") = "WebStore", "WebStore\WebStore.csproj", "{B90BA9D6-A5BD-4152-872D-4E5786568FAD}"
EndProject
Global
	GlobalSection(SolutionConfigurationPlatforms) = preSolution
		Debug|Any CPU = Debug|Any CPU
		Release|Any CPU = Release|Any CPU
	EndGlobalSection
	GlobalSection(ProjectConfigurationPlatforms) = postSolution
		{B90BA9D6-A5BD-4152-872D-4E5786568FAD}.Debug|Any CPU.ActiveCfg = Debug|Any CPU
		{B90BA9D6-A5BD-4152-872D-4E5786568FAD}.Debug|Any CPU.Build.0 = Debug|Any CPU
		{B90BA9D6-A5BD-4152-872D-4E5786568FAD}.Release|Any CPU.ActiveCfg = Release|Any CPU
		{B90BA9D6-A5BD-4152-872D-4E5786568FAD}.Release|Any CPU.Build.0 = Release|Any CPU
	EndGlobalSection
	GlobalSection(SolutionProperties) = preSolution
		HideSolutionNode = FALSE
	EndGlobalSection
	GlobalSection(ExtensibilityGlobals) = postSolution
		SolutionGuid = {BAC30300-8C7B-49E0-A714-D44D04FDE0E7}
	EndGlobalSection
EndGlobal
